
Microsoft Visual Studio Solution File, Format Version 12.00
# Visual Studio Version 17
VisualStudioVersion = 17.10.35027.167
MinimumVisualStudioVersion = 10.0.40219.1
Project("{9A19103F-16F7-4668-BE54-9A1E7A4F7556}") = "PROG6212POE", "PROG6212POE\PROG6212POE.csproj", "{BBC68CCD-1067-45A9-BAF9-62DC0CFB62E2}"
EndProject
Project("{FAE04EC0-301F-11D3-BF4B-00C04F79EFBC}") = "PROG6212POETesting", "PROG6212POETesting\PROG6212POETesting.csproj", "{26C48438-CD53-4DF5-92D2-CBBA6D0BB1E1}"
EndProject
Global
	GlobalSection(SolutionConfigurationPlatforms) = preSolution
		Debug|Any CPU = Debug|Any CPU
		Release|Any CPU = Release|Any CPU
	EndGlobalSection
	GlobalSection(ProjectConfigurationPlatforms) = postSolution
		{BBC68CCD-1067-45A9-BAF9-62DC0CFB62E2}.Debug|Any CPU.ActiveCfg = Debug|Any CPU
		{BBC68CCD-1067-45A9-BAF9-62DC0CFB62E2}.Debug|Any CPU.Build.0 = Debug|Any CPU
		{BBC68CCD-1067-45A9-BAF9-62DC0CFB62E2}.Release|Any CPU.ActiveCfg = Release|Any CPU
		{BBC68CCD-1067-45A9-BAF9-62DC0CFB62E2}.Release|Any CPU.Build.0 = Release|Any CPU
		{26C48438-CD53-4DF5-92D2-CBBA6D0BB1E1}.Debug|Any CPU.ActiveCfg = Debug|Any CPU
		{26C48438-CD53-4DF5-92D2-CBBA6D0BB1E1}.Debug|Any CPU.Build.0 = Debug|Any CPU
		{26C48438-CD53-4DF5-92D2-CBBA6D0BB1E1}.Release|Any CPU.ActiveCfg = Release|Any CPU
		{26C48438-CD53-4DF5-92D2-CBBA6D0BB1E1}.Release|Any CPU.Build.0 = Release|Any CPU
	EndGlobalSection
	GlobalSection(SolutionProperties) = preSolution
		HideSolutionNode = FALSE
	EndGlobalSection
	GlobalSection(ExtensibilityGlobals) = postSolution
		SolutionGuid = {1E5731A2-3447-41C5-95CE-520AD7163169}
	EndGlobalSection
EndGlobal
